
Microsoft Visual Studio Solution File, Format Version 12.00
# Visual Studio Version 17
VisualStudioVersion = 17.8.34525.116
MinimumVisualStudioVersion = 10.0.40219.1
Project("{FAE04EC0-301F-11D3-BF4B-00C04F79EFBC}") = "dosregiones-aca3", "dosregiones-aca3.csproj", "{EF4E41E7-4C5B-4440-918F-350906D265D9}"
EndProject
Global
	GlobalSection(SolutionConfigurationPlatforms) = preSolution
		Debug|Any CPU = Debug|Any CPU
		Release|Any CPU = Release|Any CPU
	EndGlobalSection
	GlobalSection(ProjectConfigurationPlatforms) = postSolution
		{EF4E41E7-4C5B-4440-918F-350906D265D9}.Debug|Any CPU.ActiveCfg = Debug|Any CPU
		{EF4E41E7-4C5B-4440-918F-350906D265D9}.Debug|Any CPU.Build.0 = Debug|Any CPU
		{EF4E41E7-4C5B-4440-918F-350906D265D9}.Release|Any CPU.ActiveCfg = Release|Any CPU
		{EF4E41E7-4C5B-4440-918F-350906D265D9}.Release|Any CPU.Build.0 = Release|Any CPU
	EndGlobalSection
	GlobalSection(SolutionProperties) = preSolution
		HideSolutionNode = FALSE
	EndGlobalSection
	GlobalSection(ExtensibilityGlobals) = postSolution
		SolutionGuid = {31797E58-07EF-488B-96F2-4DE4358EC444}
	EndGlobalSection
EndGlobal
